// !$*UTF8*$!
{
	archiveVersion = 1;
	classes = {
	};
	objectVersion = 46;
	objects = {

/* Begin PBXBuildFile section */
		5F479FF81E35E1CA00DCBDD7 /* main.m in Sources */ = {isa = PBXBuildFile; fileRef = 5F479FF71E35E1CA00DCBDD7 /* main.m */; };
		5F479FFB1E35E1CA00DCBDD7 /* AppDelegate.m in Sources */ = {isa = PBXBuildFile; fileRef = 5F479FFA1E35E1CA00DCBDD7 /* AppDelegate.m */; };
		5F479FFE1E35E1CA00DCBDD7 /* ViewController.m in Sources */ = {isa = PBXBuildFile; fileRef = 5F479FFD1E35E1CA00DCBDD7 /* ViewController.m */; };
		5F47A0011E35E1CA00DCBDD7 /* Main.storyboard in Resources */ = {isa = PBXBuildFile; fileRef = 5F479FFF1E35E1CA00DCBDD7 /* Main.storyboard */; };
		5F47A0031E35E1CA00DCBDD7 /* Assets.xcassets in Resources */ = {isa = PBXBuildFile; fileRef = 5F47A0021E35E1CA00DCBDD7 /* Assets.xcassets */; };
		5F47A0061E35E1CA00DCBDD7 /* LaunchScreen.storyboard in Resources */ = {isa = PBXBuildFile; fileRef = 5F47A0041E35E1CA00DCBDD7 /* LaunchScreen.storyboard */; };
		5F47A0141E35E3D600DCBDD7 /* Spot_IM.framework in Frameworks */ = {isa = PBXBuildFile; fileRef = 5F47A0131E35E3C600DCBDD7 /* Spot_IM.framework */; };
		5F47A0151E35E3D600DCBDD7 /* Spot_IM.framework in Embed Frameworks */ = {isa = PBXBuildFile; fileRef = 5F47A0131E35E3C600DCBDD7 /* Spot_IM.framework */; settings = {ATTRIBUTES = (CodeSignOnCopy, RemoveHeadersOnCopy, ); }; };
		5FB183741E427E2600C3872C /* IntroTableViewController.m in Sources */ = {isa = PBXBuildFile; fileRef = 5FB183731E427E2600C3872C /* IntroTableViewController.m */; };
		5FB183771E427EE500C3872C /* ModuleViewController.m in Sources */ = {isa = PBXBuildFile; fileRef = 5FB183761E427EE500C3872C /* ModuleViewController.m */; };
		5FBACA311EF7135F004920D4 /* WebviewReadViewController.m in Sources */ = {isa = PBXBuildFile; fileRef = 5FBACA301EF7135F004920D4 /* WebviewReadViewController.m */; };
		5FBACA401EF860FC004920D4 /* Menu.plist in Resources */ = {isa = PBXBuildFile; fileRef = 5FBACA3F1EF860FC004920D4 /* Menu.plist */; };
		5FBACA431EF862A9004920D4 /* SectionView.m in Sources */ = {isa = PBXBuildFile; fileRef = 5FBACA421EF862A9004920D4 /* SectionView.m */; };
		5FBACA451EF86332004920D4 /* SectionView.xib in Resources */ = {isa = PBXBuildFile; fileRef = 5FBACA441EF86332004920D4 /* SectionView.xib */; };
		5FBACA481EF866D5004920D4 /* MenuTableViewController.m in Sources */ = {isa = PBXBuildFile; fileRef = 5FBACA471EF866D5004920D4 /* MenuTableViewController.m */; };
		5FBACA4B1EF86829004920D4 /* DataTableViewCell.m in Sources */ = {isa = PBXBuildFile; fileRef = 5FBACA4A1EF86829004920D4 /* DataTableViewCell.m */; };
		5FF99F421E50F17A006998E7 /* RecirculationTableViewController.m in Sources */ = {isa = PBXBuildFile; fileRef = 5FF99F411E50F17A006998E7 /* RecirculationTableViewController.m */; };
/* End PBXBuildFile section */

/* Begin PBXContainerItemProxy section */
		5F47A0121E35E3C600DCBDD7 /* PBXContainerItemProxy */ = {
			isa = PBXContainerItemProxy;
			containerPortal = 5F47A00E1E35E3C600DCBDD7 /* Spot_IM.xcodeproj */;
			proxyType = 2;
			remoteGlobalIDString = 5F39DA1D1E14560700FAC31B;
			remoteInfo = Spot_IM;
		};
		5F47A0161E35E3D600DCBDD7 /* PBXContainerItemProxy */ = {
			isa = PBXContainerItemProxy;
			containerPortal = 5F47A00E1E35E3C600DCBDD7 /* Spot_IM.xcodeproj */;
			proxyType = 1;
			remoteGlobalIDString = 5F39DA1C1E14560700FAC31B;
			remoteInfo = Spot_IM;
		};
/* End PBXContainerItemProxy section */

/* Begin PBXCopyFilesBuildPhase section */
		5F47A0181E35E3D600DCBDD7 /* Embed Frameworks */ = {
			isa = PBXCopyFilesBuildPhase;
			buildActionMask = 2147483647;
			dstPath = "";
			dstSubfolderSpec = 10;
			files = (
				5F47A0151E35E3D600DCBDD7 /* Spot_IM.framework in Embed Frameworks */,
			);
			name = "Embed Frameworks";
			runOnlyForDeploymentPostprocessing = 0;
		};
/* End PBXCopyFilesBuildPhase section */

/* Begin PBXFileReference section */
		5F479FF31E35E1CA00DCBDD7 /* SpotQAApp.app */ = {isa = PBXFileReference; explicitFileType = wrapper.application; includeInIndex = 0; path = SpotQAApp.app; sourceTree = BUILT_PRODUCTS_DIR; };
		5F479FF71E35E1CA00DCBDD7 /* main.m */ = {isa = PBXFileReference; lastKnownFileType = sourcecode.c.objc; path = main.m; sourceTree = "<group>"; };
		5F479FF91E35E1CA00DCBDD7 /* AppDelegate.h */ = {isa = PBXFileReference; lastKnownFileType = sourcecode.c.h; path = AppDelegate.h; sourceTree = "<group>"; };
		5F479FFA1E35E1CA00DCBDD7 /* AppDelegate.m */ = {isa = PBXFileReference; lastKnownFileType = sourcecode.c.objc; path = AppDelegate.m; sourceTree = "<group>"; };
		5F479FFC1E35E1CA00DCBDD7 /* ViewController.h */ = {isa = PBXFileReference; lastKnownFileType = sourcecode.c.h; path = ViewController.h; sourceTree = "<group>"; };
		5F479FFD1E35E1CA00DCBDD7 /* ViewController.m */ = {isa = PBXFileReference; lastKnownFileType = sourcecode.c.objc; path = ViewController.m; sourceTree = "<group>"; };
		5F47A0001E35E1CA00DCBDD7 /* Base */ = {isa = PBXFileReference; lastKnownFileType = file.storyboard; name = Base; path = Base.lproj/Main.storyboard; sourceTree = "<group>"; };
		5F47A0021E35E1CA00DCBDD7 /* Assets.xcassets */ = {isa = PBXFileReference; lastKnownFileType = folder.assetcatalog; path = Assets.xcassets; sourceTree = "<group>"; };
		5F47A0051E35E1CA00DCBDD7 /* Base */ = {isa = PBXFileReference; lastKnownFileType = file.storyboard; name = Base; path = Base.lproj/LaunchScreen.storyboard; sourceTree = "<group>"; };
		5F47A0071E35E1CA00DCBDD7 /* Info.plist */ = {isa = PBXFileReference; lastKnownFileType = text.plist.xml; path = Info.plist; sourceTree = "<group>"; };
		5F47A00E1E35E3C600DCBDD7 /* Spot_IM.xcodeproj */ = {isa = PBXFileReference; lastKnownFileType = "wrapper.pb-project"; name = Spot_IM.xcodeproj; path = ../SpotSDK/Spot_IM.xcodeproj; sourceTree = "<group>"; };
		5FB183721E427E2600C3872C /* IntroTableViewController.h */ = {isa = PBXFileReference; fileEncoding = 4; lastKnownFileType = sourcecode.c.h; path = IntroTableViewController.h; sourceTree = "<group>"; };
		5FB183731E427E2600C3872C /* IntroTableViewController.m */ = {isa = PBXFileReference; fileEncoding = 4; lastKnownFileType = sourcecode.c.objc; path = IntroTableViewController.m; sourceTree = "<group>"; };
		5FB183751E427EE500C3872C /* ModuleViewController.h */ = {isa = PBXFileReference; fileEncoding = 4; lastKnownFileType = sourcecode.c.h; path = ModuleViewController.h; sourceTree = "<group>"; };
		5FB183761E427EE500C3872C /* ModuleViewController.m */ = {isa = PBXFileReference; fileEncoding = 4; lastKnownFileType = sourcecode.c.objc; path = ModuleViewController.m; sourceTree = "<group>"; };
		5FBACA2F1EF7135F004920D4 /* WebviewReadViewController.h */ = {isa = PBXFileReference; fileEncoding = 4; lastKnownFileType = sourcecode.c.h; path = WebviewReadViewController.h; sourceTree = "<group>"; };
		5FBACA301EF7135F004920D4 /* WebviewReadViewController.m */ = {isa = PBXFileReference; fileEncoding = 4; lastKnownFileType = sourcecode.c.objc; path = WebviewReadViewController.m; sourceTree = "<group>"; };
		5FBACA3F1EF860FC004920D4 /* Menu.plist */ = {isa = PBXFileReference; fileEncoding = 4; lastKnownFileType = text.plist.xml; path = Menu.plist; sourceTree = "<group>"; };
		5FBACA411EF862A9004920D4 /* SectionView.h */ = {isa = PBXFileReference; fileEncoding = 4; lastKnownFileType = sourcecode.c.h; path = SectionView.h; sourceTree = "<group>"; };
		5FBACA421EF862A9004920D4 /* SectionView.m */ = {isa = PBXFileReference; fileEncoding = 4; lastKnownFileType = sourcecode.c.objc; path = SectionView.m; sourceTree = "<group>"; };
		5FBACA441EF86332004920D4 /* SectionView.xib */ = {isa = PBXFileReference; fileEncoding = 4; lastKnownFileType = file.xib; path = SectionView.xib; sourceTree = "<group>"; };
		5FBACA461EF866D5004920D4 /* MenuTableViewController.h */ = {isa = PBXFileReference; fileEncoding = 4; lastKnownFileType = sourcecode.c.h; path = MenuTableViewController.h; sourceTree = "<group>"; };
		5FBACA471EF866D5004920D4 /* MenuTableViewController.m */ = {isa = PBXFileReference; fileEncoding = 4; lastKnownFileType = sourcecode.c.objc; path = MenuTableViewController.m; sourceTree = "<group>"; };
		5FBACA491EF86829004920D4 /* DataTableViewCell.h */ = {isa = PBXFileReference; fileEncoding = 4; lastKnownFileType = sourcecode.c.h; path = DataTableViewCell.h; sourceTree = "<group>"; };
		5FBACA4A1EF86829004920D4 /* DataTableViewCell.m */ = {isa = PBXFileReference; fileEncoding = 4; lastKnownFileType = sourcecode.c.objc; path = DataTableViewCell.m; sourceTree = "<group>"; };
		5FF99F401E50F17A006998E7 /* RecirculationTableViewController.h */ = {isa = PBXFileReference; fileEncoding = 4; lastKnownFileType = sourcecode.c.h; path = RecirculationTableViewController.h; sourceTree = "<group>"; };
		5FF99F411E50F17A006998E7 /* RecirculationTableViewController.m */ = {isa = PBXFileReference; fileEncoding = 4; lastKnownFileType = sourcecode.c.objc; path = RecirculationTableViewController.m; sourceTree = "<group>"; };
/* End PBXFileReference section */

/* Begin PBXFrameworksBuildPhase section */
		5F479FF01E35E1CA00DCBDD7 /* Frameworks */ = {
			isa = PBXFrameworksBuildPhase;
			buildActionMask = 2147483647;
			files = (
				5F47A0141E35E3D600DCBDD7 /* Spot_IM.framework in Frameworks */,
			);
			runOnlyForDeploymentPostprocessing = 0;
		};
/* End PBXFrameworksBuildPhase section */

/* Begin PBXGroup section */
		5F479FEA1E35E1CA00DCBDD7 = {
			isa = PBXGroup;
			children = (
				5F47A00E1E35E3C600DCBDD7 /* Spot_IM.xcodeproj */,
				5F479FF51E35E1CA00DCBDD7 /* SpotQAApp */,
				5F479FF41E35E1CA00DCBDD7 /* Products */,
			);
			sourceTree = "<group>";
		};
		5F479FF41E35E1CA00DCBDD7 /* Products */ = {
			isa = PBXGroup;
			children = (
				5F479FF31E35E1CA00DCBDD7 /* SpotQAApp.app */,
			);
			name = Products;
			sourceTree = "<group>";
		};
		5F479FF51E35E1CA00DCBDD7 /* SpotQAApp */ = {
			isa = PBXGroup;
			children = (
				5F479FF91E35E1CA00DCBDD7 /* AppDelegate.h */,
				5F479FFA1E35E1CA00DCBDD7 /* AppDelegate.m */,
				5F479FFC1E35E1CA00DCBDD7 /* ViewController.h */,
				5F479FFD1E35E1CA00DCBDD7 /* ViewController.m */,
				5F479FFF1E35E1CA00DCBDD7 /* Main.storyboard */,
				5F47A0021E35E1CA00DCBDD7 /* Assets.xcassets */,
				5F47A0041E35E1CA00DCBDD7 /* LaunchScreen.storyboard */,
				5F47A0071E35E1CA00DCBDD7 /* Info.plist */,
				5F479FF61E35E1CA00DCBDD7 /* Supporting Files */,
				5FB183721E427E2600C3872C /* IntroTableViewController.h */,
				5FB183731E427E2600C3872C /* IntroTableViewController.m */,
				5FB183751E427EE500C3872C /* ModuleViewController.h */,
				5FB183761E427EE500C3872C /* ModuleViewController.m */,
				5FF99F401E50F17A006998E7 /* RecirculationTableViewController.h */,
				5FF99F411E50F17A006998E7 /* RecirculationTableViewController.m */,
				5FBACA2F1EF7135F004920D4 /* WebviewReadViewController.h */,
				5FBACA301EF7135F004920D4 /* WebviewReadViewController.m */,
				5FBACA3F1EF860FC004920D4 /* Menu.plist */,
				5FBACA411EF862A9004920D4 /* SectionView.h */,
				5FBACA421EF862A9004920D4 /* SectionView.m */,
				5FBACA441EF86332004920D4 /* SectionView.xib */,
				5FBACA461EF866D5004920D4 /* MenuTableViewController.h */,
				5FBACA471EF866D5004920D4 /* MenuTableViewController.m */,
				5FBACA491EF86829004920D4 /* DataTableViewCell.h */,
				5FBACA4A1EF86829004920D4 /* DataTableViewCell.m */,
			);
			path = SpotQAApp;
			sourceTree = "<group>";
		};
		5F479FF61E35E1CA00DCBDD7 /* Supporting Files */ = {
			isa = PBXGroup;
			children = (
				5F479FF71E35E1CA00DCBDD7 /* main.m */,
			);
			name = "Supporting Files";
			sourceTree = "<group>";
		};
		5F47A00F1E35E3C600DCBDD7 /* Products */ = {
			isa = PBXGroup;
			children = (
				5F47A0131E35E3C600DCBDD7 /* Spot_IM.framework */,
			);
			name = Products;
			sourceTree = "<group>";
		};
/* End PBXGroup section */

/* Begin PBXNativeTarget section */
		5F479FF21E35E1CA00DCBDD7 /* SpotQAApp */ = {
			isa = PBXNativeTarget;
			buildConfigurationList = 5F47A00A1E35E1CA00DCBDD7 /* Build configuration list for PBXNativeTarget "SpotQAApp" */;
			buildPhases = (
				5F479FEF1E35E1CA00DCBDD7 /* Sources */,
				5F479FF01E35E1CA00DCBDD7 /* Frameworks */,
				5F479FF11E35E1CA00DCBDD7 /* Resources */,
				5F47A0181E35E3D600DCBDD7 /* Embed Frameworks */,
			);
			buildRules = (
			);
			dependencies = (
				5F47A0171E35E3D600DCBDD7 /* PBXTargetDependency */,
			);
			name = SpotQAApp;
			productName = SpotQAApp;
			productReference = 5F479FF31E35E1CA00DCBDD7 /* SpotQAApp.app */;
			productType = "com.apple.product-type.application";
		};
/* End PBXNativeTarget section */

/* Begin PBXProject section */
		5F479FEB1E35E1CA00DCBDD7 /* Project object */ = {
			isa = PBXProject;
			attributes = {
				LastUpgradeCheck = 0820;
				ORGANIZATIONNAME = spot;
				TargetAttributes = {
					5F479FF21E35E1CA00DCBDD7 = {
						CreatedOnToolsVersion = 8.2;
						DevelopmentTeam = WA859SR4P8;
						ProvisioningStyle = Manual;
					};
				};
			};
			buildConfigurationList = 5F479FEE1E35E1CA00DCBDD7 /* Build configuration list for PBXProject "SpotQAApp" */;
			compatibilityVersion = "Xcode 3.2";
			developmentRegion = English;
			hasScannedForEncodings = 0;
			knownRegions = (
				en,
				Base,
			);
			mainGroup = 5F479FEA1E35E1CA00DCBDD7;
			productRefGroup = 5F479FF41E35E1CA00DCBDD7 /* Products */;
			projectDirPath = "";
			projectReferences = (
				{
					ProductGroup = 5F47A00F1E35E3C600DCBDD7 /* Products */;
					ProjectRef = 5F47A00E1E35E3C600DCBDD7 /* Spot_IM.xcodeproj */;
				},
			);
			projectRoot = "";
			targets = (
				5F479FF21E35E1CA00DCBDD7 /* SpotQAApp */,
			);
		};
/* End PBXProject section */

/* Begin PBXReferenceProxy section */
		5F47A0131E35E3C600DCBDD7 /* Spot_IM.framework */ = {
			isa = PBXReferenceProxy;
			fileType = wrapper.framework;
			path = Spot_IM.framework;
			remoteRef = 5F47A0121E35E3C600DCBDD7 /* PBXContainerItemProxy */;
			sourceTree = BUILT_PRODUCTS_DIR;
		};
/* End PBXReferenceProxy section */

/* Begin PBXResourcesBuildPhase section */
		5F479FF11E35E1CA00DCBDD7 /* Resources */ = {
			isa = PBXResourcesBuildPhase;
			buildActionMask = 2147483647;
			files = (
				5F47A0061E35E1CA00DCBDD7 /* LaunchScreen.storyboard in Resources */,
				5FBACA451EF86332004920D4 /* SectionView.xib in Resources */,
				5FBACA401EF860FC004920D4 /* Menu.plist in Resources */,
				5F47A0031E35E1CA00DCBDD7 /* Assets.xcassets in Resources */,
				5F47A0011E35E1CA00DCBDD7 /* Main.storyboard in Resources */,
			);
			runOnlyForDeploymentPostprocessing = 0;
		};
/* End PBXResourcesBuildPhase section */

/* Begin PBXSourcesBuildPhase section */
		5F479FEF1E35E1CA00DCBDD7 /* Sources */ = {
			isa = PBXSourcesBuildPhase;
			buildActionMask = 2147483647;
			files = (
				5FBACA431EF862A9004920D4 /* SectionView.m in Sources */,
				5FF99F421E50F17A006998E7 /* RecirculationTableViewController.m in Sources */,
				5FB183741E427E2600C3872C /* IntroTableViewController.m in Sources */,
				5FBACA4B1EF86829004920D4 /* DataTableViewCell.m in Sources */,
				5FB183771E427EE500C3872C /* ModuleViewController.m in Sources */,
				5F479FFE1E35E1CA00DCBDD7 /* ViewController.m in Sources */,
				5F479FFB1E35E1CA00DCBDD7 /* AppDelegate.m in Sources */,
				5FBACA311EF7135F004920D4 /* WebviewReadViewController.m in Sources */,
				5FBACA481EF866D5004920D4 /* MenuTableViewController.m in Sources */,
				5F479FF81E35E1CA00DCBDD7 /* main.m in Sources */,
			);
			runOnlyForDeploymentPostprocessing = 0;
		};
/* End PBXSourcesBuildPhase section */

/* Begin PBXTargetDependency section */
		5F47A0171E35E3D600DCBDD7 /* PBXTargetDependency */ = {
			isa = PBXTargetDependency;
			name = Spot_IM;
			targetProxy = 5F47A0161E35E3D600DCBDD7 /* PBXContainerItemProxy */;
		};
/* End PBXTargetDependency section */

/* Begin PBXVariantGroup section */
		5F479FFF1E35E1CA00DCBDD7 /* Main.storyboard */ = {
			isa = PBXVariantGroup;
			children = (
				5F47A0001E35E1CA00DCBDD7 /* Base */,
			);
			name = Main.storyboard;
			sourceTree = "<group>";
		};
		5F47A0041E35E1CA00DCBDD7 /* LaunchScreen.storyboard */ = {
			isa = PBXVariantGroup;
			children = (
				5F47A0051E35E1CA00DCBDD7 /* Base */,
			);
			name = LaunchScreen.storyboard;
			sourceTree = "<group>";
		};
/* End PBXVariantGroup section */

/* Begin XCBuildConfiguration section */
		5F47A0081E35E1CA00DCBDD7 /* Debug */ = {
			isa = XCBuildConfiguration;
			buildSettings = {
				ALWAYS_SEARCH_USER_PATHS = NO;
				CLANG_ANALYZER_NONNULL = YES;
				CLANG_CXX_LANGUAGE_STANDARD = "gnu++0x";
				CLANG_CXX_LIBRARY = "libc++";
				CLANG_ENABLE_MODULES = YES;
				CLANG_ENABLE_OBJC_ARC = YES;
				CLANG_WARN_BOOL_CONVERSION = YES;
				CLANG_WARN_CONSTANT_CONVERSION = YES;
				CLANG_WARN_DIRECT_OBJC_ISA_USAGE = YES_ERROR;
				CLANG_WARN_DOCUMENTATION_COMMENTS = YES;
				CLANG_WARN_EMPTY_BODY = YES;
				CLANG_WARN_ENUM_CONVERSION = YES;
				CLANG_WARN_INFINITE_RECURSION = YES;
				CLANG_WARN_INT_CONVERSION = YES;
				CLANG_WARN_OBJC_ROOT_CLASS = YES_ERROR;
				CLANG_WARN_SUSPICIOUS_MOVE = YES;
				CLANG_WARN_UNREACHABLE_CODE = YES;
				CLANG_WARN__DUPLICATE_METHOD_MATCH = YES;
				"CODE_SIGN_IDENTITY[sdk=iphoneos*]" = "iPhone Developer";
				COPY_PHASE_STRIP = NO;
				DEBUG_INFORMATION_FORMAT = dwarf;
				ENABLE_STRICT_OBJC_MSGSEND = YES;
				ENABLE_TESTABILITY = YES;
				GCC_C_LANGUAGE_STANDARD = gnu99;
				GCC_DYNAMIC_NO_PIC = NO;
				GCC_NO_COMMON_BLOCKS = YES;
				GCC_OPTIMIZATION_LEVEL = 0;
				GCC_PREPROCESSOR_DEFINITIONS = (
					"DEBUG=1",
					"$(inherited)",
				);
				GCC_WARN_64_TO_32_BIT_CONVERSION = YES;
				GCC_WARN_ABOUT_RETURN_TYPE = YES_ERROR;
				GCC_WARN_UNDECLARED_SELECTOR = YES;
				GCC_WARN_UNINITIALIZED_AUTOS = YES_AGGRESSIVE;
				GCC_WARN_UNUSED_FUNCTION = YES;
				GCC_WARN_UNUSED_VARIABLE = YES;
				IPHONEOS_DEPLOYMENT_TARGET = 10.2;
				MTL_ENABLE_DEBUG_INFO = YES;
				ONLY_ACTIVE_ARCH = YES;
				SDKROOT = iphoneos;
			};
			name = Debug;
		};
		5F47A0091E35E1CA00DCBDD7 /* Release */ = {
			isa = XCBuildConfiguration;
			buildSettings = {
				ALWAYS_SEARCH_USER_PATHS = NO;
				CLANG_ANALYZER_NONNULL = YES;
				CLANG_CXX_LANGUAGE_STANDARD = "gnu++0x";
				CLANG_CXX_LIBRARY = "libc++";
				CLANG_ENABLE_MODULES = YES;
				CLANG_ENABLE_OBJC_ARC = YES;
				CLANG_WARN_BOOL_CONVERSION = YES;
				CLANG_WARN_CONSTANT_CONVERSION = YES;
				CLANG_WARN_DIRECT_OBJC_ISA_USAGE = YES_ERROR;
				CLANG_WARN_DOCUMENTATION_COMMENTS = YES;
				CLANG_WARN_EMPTY_BODY = YES;
				CLANG_WARN_ENUM_CONVERSION = YES;
				CLANG_WARN_INFINITE_RECURSION = YES;
				CLANG_WARN_INT_CONVERSION = YES;
				CLANG_WARN_OBJC_ROOT_CLASS = YES_ERROR;
				CLANG_WARN_SUSPICIOUS_MOVE = YES;
				CLANG_WARN_UNREACHABLE_CODE = YES;
				CLANG_WARN__DUPLICATE_METHOD_MATCH = YES;
				"CODE_SIGN_IDENTITY[sdk=iphoneos*]" = "iPhone Developer";
				COPY_PHASE_STRIP = NO;
				DEBUG_INFORMATION_FORMAT = "dwarf-with-dsym";
				ENABLE_NS_ASSERTIONS = NO;
				ENABLE_STRICT_OBJC_MSGSEND = YES;
				GCC_C_LANGUAGE_STANDARD = gnu99;
				GCC_NO_COMMON_BLOCKS = YES;
				GCC_WARN_64_TO_32_BIT_CONVERSION = YES;
				GCC_WARN_ABOUT_RETURN_TYPE = YES_ERROR;
				GCC_WARN_UNDECLARED_SELECTOR = YES;
				GCC_WARN_UNINITIALIZED_AUTOS = YES_AGGRESSIVE;
				GCC_WARN_UNUSED_FUNCTION = YES;
				GCC_WARN_UNUSED_VARIABLE = YES;
				IPHONEOS_DEPLOYMENT_TARGET = 10.2;
				MTL_ENABLE_DEBUG_INFO = NO;
				SDKROOT = iphoneos;
				VALIDATE_PRODUCT = YES;
			};
			name = Release;
		};
		5F47A00B1E35E1CA00DCBDD7 /* Debug */ = {
			isa = XCBuildConfiguration;
			buildSettings = {
				ASSETCATALOG_COMPILER_APPICON_NAME = AppIcon;
				DEVELOPMENT_TEAM = WA859SR4P8;
				INFOPLIST_FILE = SpotQAApp/Info.plist;
				IPHONEOS_DEPLOYMENT_TARGET = 8.0;
				LD_RUNPATH_SEARCH_PATHS = "$(inherited) @executable_path/Frameworks";
				PRODUCT_BUNDLE_IDENTIFIER = com.spotim.demoapp;
				PRODUCT_NAME = "$(TARGET_NAME)";
				PROVISIONING_PROFILE = "d03f8f4d-7725-4510-9895-cf887e033f66";
				PROVISIONING_PROFILE_SPECIFIER = SpotIMDemoApp;
			};
			name = Debug;
		};
		5F47A00C1E35E1CA00DCBDD7 /* Release */ = {
			isa = XCBuildConfiguration;
			buildSettings = {
				ASSETCATALOG_COMPILER_APPICON_NAME = AppIcon;
				DEVELOPMENT_TEAM = WA859SR4P8;
				INFOPLIST_FILE = SpotQAApp/Info.plist;
				IPHONEOS_DEPLOYMENT_TARGET = 8.0;
				LD_RUNPATH_SEARCH_PATHS = "$(inherited) @executable_path/Frameworks";
				PRODUCT_BUNDLE_IDENTIFIER = com.spotim.demoapp;
				PRODUCT_NAME = "$(TARGET_NAME)";
				PROVISIONING_PROFILE = "d03f8f4d-7725-4510-9895-cf887e033f66";
				PROVISIONING_PROFILE_SPECIFIER = SpotIMDemoApp;
			};
			name = Release;
		};
/* End XCBuildConfiguration section */

/* Begin XCConfigurationList section */
		5F479FEE1E35E1CA00DCBDD7 /* Build configuration list for PBXProject "SpotQAApp" */ = {
			isa = XCConfigurationList;
			buildConfigurations = (
				5F47A0081E35E1CA00DCBDD7 /* Debug */,
				5F47A0091E35E1CA00DCBDD7 /* Release */,
			);
			defaultConfigurationIsVisible = 0;
			defaultConfigurationName = Release;
		};
		5F47A00A1E35E1CA00DCBDD7 /* Build configuration list for PBXNativeTarget "SpotQAApp" */ = {
			isa = XCConfigurationList;
			buildConfigurations = (
				5F47A00B1E35E1CA00DCBDD7 /* Debug */,
				5F47A00C1E35E1CA00DCBDD7 /* Release */,
			);
			defaultConfigurationIsVisible = 0;
			defaultConfigurationName = Release;
		};
/* End XCConfigurationList section */
	};
	rootObject = 5F479FEB1E35E1CA00DCBDD7 /* Project object */;
}
